
Microsoft Visual Studio Solution File, Format Version 12.00
# Visual Studio Version 17
VisualStudioVersion = 17.14.36915.13 d17.14
MinimumVisualStudioVersion = 10.0.40219.1
Project("{FAE04EC0-301F-11D3-BF4B-00C04F79EFBC}") = "BaseTemplate.Web", "BaseTemplate.Web\BaseTemplate.Web.csproj", "{68782816-67AB-4054-A07E-2E8FB2899874}"
EndProject
Project("{FAE04EC0-301F-11D3-BF4B-00C04F79EFBC}") = "BaseTemplate.Core", "BaseTemplate.Core\BaseTemplate.Core.csproj", "{BDF747B0-2DCA-4BDF-9D6F-49C1B69356C0}"
EndProject
Project("{FAE04EC0-301F-11D3-BF4B-00C04F79EFBC}") = "BaseTemplate.Data", "BaseTemplate.Data\BaseTemplate.Data.csproj", "{3F7E09E7-E449-4C17-A9C5-87C123EA36B4}"
EndProject
Global
	GlobalSection(SolutionConfigurationPlatforms) = preSolution
		Debug|Any CPU = Debug|Any CPU
		Release|Any CPU = Release|Any CPU
	EndGlobalSection
	GlobalSection(ProjectConfigurationPlatforms) = postSolution
		{68782816-67AB-4054-A07E-2E8FB2899874}.Debug|Any CPU.ActiveCfg = Debug|Any CPU
		{68782816-67AB-4054-A07E-2E8FB2899874}.Debug|Any CPU.Build.0 = Debug|Any CPU
		{68782816-67AB-4054-A07E-2E8FB2899874}.Release|Any CPU.ActiveCfg = Release|Any CPU
		{68782816-67AB-4054-A07E-2E8FB2899874}.Release|Any CPU.Build.0 = Release|Any CPU
		{BDF747B0-2DCA-4BDF-9D6F-49C1B69356C0}.Debug|Any CPU.ActiveCfg = Debug|Any CPU
		{BDF747B0-2DCA-4BDF-9D6F-49C1B69356C0}.Debug|Any CPU.Build.0 = Debug|Any CPU
		{BDF747B0-2DCA-4BDF-9D6F-49C1B69356C0}.Release|Any CPU.ActiveCfg = Release|Any CPU
		{BDF747B0-2DCA-4BDF-9D6F-49C1B69356C0}.Release|Any CPU.Build.0 = Release|Any CPU
		{3F7E09E7-E449-4C17-A9C5-87C123EA36B4}.Debug|Any CPU.ActiveCfg = Debug|Any CPU
		{3F7E09E7-E449-4C17-A9C5-87C123EA36B4}.Debug|Any CPU.Build.0 = Debug|Any CPU
		{3F7E09E7-E449-4C17-A9C5-87C123EA36B4}.Release|Any CPU.ActiveCfg = Release|Any CPU
		{3F7E09E7-E449-4C17-A9C5-87C123EA36B4}.Release|Any CPU.Build.0 = Release|Any CPU
	EndGlobalSection
	GlobalSection(SolutionProperties) = preSolution
		HideSolutionNode = FALSE
	EndGlobalSection
	GlobalSection(ExtensibilityGlobals) = postSolution
		SolutionGuid = {1D0CF4C7-FC35-4B24-9040-1F261A0AEA10}
	EndGlobalSection
EndGlobal
